{
  "name": "@escribass/proto",
  "version": "0.1.0",
  "lockfileVersion": 3,
  "requires": true,
  "packages": {
    "": {
      "name": "@escribass/proto",
      "version": "0.1.0",
      "license": "AGPL-3.0-only",
      "dependencies": {
        "@bufbuild/protobuf": "2.14.1",
        "@escribass/schema": "file:../schema"
      }
    },
    "../schema": {
      "name": "@escribass/schema",
      "version": "0.1.0",
      "license": "AGPL-3.0-only",
      "dependencies": {
        "@bufbuild/protobuf": "2.14.1"
      },
      "devDependencies": {
        "@bufbuild/buf": "1.72.0",
        "@bufbuild/protoc-gen-es": "2.14.1",
        "@types/node": "24.13.3",
        "tsx": "4.23.13",
        "typescript": "5.9.3"
      }
    },
    "node_modules/@bufbuild/protobuf": {
      "version": "2.14.1",
      "resolved": "https://registry.npmjs.org/@bufbuild/protobuf/-/protobuf-2.14.1.tgz",
      "integrity": "sha512-agRJn3+EJDUe8AvxTx/LnHA/GErvLE62pSaSk7+MwFOtOv8eWBu/qCq2qoZjBjVZ3C2aiFJCveuSs17KMkYGOw==",
      "license": "(Apache-2.0 AND BSD-3-Clause)"
    },
    "node_modules/@escribass/schema": {
      "resolved": "../schema",
      "link": true
    }
  }
}
